
Microsoft Visual Studio Solution File, Format Version 12.00
# Visual Studio Version 16
VisualStudioVersion = 16.0.31402.337
MinimumVisualStudioVersion = 10.0.40219.1
Project("{FAE04EC0-301F-11D3-BF4B-00C04F79EFBC}") = "VirtualJewelsInSafe", "VirtualJewelsInSafe\VirtualJewelsInSafe.csproj", "{40CABA53-B848-4843-B973-B99D22DE658C}"
EndProject
Global
	GlobalSection(SolutionConfigurationPlatforms) = preSolution
		Debug|Any CPU = Debug|Any CPU
		Release|Any CPU = Release|Any CPU
	EndGlobalSection
	GlobalSection(ProjectConfigurationPlatforms) = postSolution
		{40CABA53-B848-4843-B973-B99D22DE658C}.Debug|Any CPU.ActiveCfg = Debug|Any CPU
		{40CABA53-B848-4843-B973-B99D22DE658C}.Debug|Any CPU.Build.0 = Debug|Any CPU
		{40CABA53-B848-4843-B973-B99D22DE658C}.Release|Any CPU.ActiveCfg = Release|Any CPU
		{40CABA53-B848-4843-B973-B99D22DE658C}.Release|Any CPU.Build.0 = Release|Any CPU
	EndGlobalSection
	GlobalSection(SolutionProperties) = preSolution
		HideSolutionNode = FALSE
	EndGlobalSection
	GlobalSection(ExtensibilityGlobals) = postSolution
		SolutionGuid = {C84177A9-2480-45F4-93B0-18CCC2377E0E}
	EndGlobalSection
EndGlobal
